
Microsoft Visual Studio Solution File, Format Version 12.00
# Visual Studio Version 17
VisualStudioVersion = 17.0.31903.59
MinimumVisualStudioVersion = 10.0.40219.1
Project("{FAE04EC0-301F-11D3-BF4B-00C04F79EFBC}") = "NumberToWords.Api", "NumberToWords.Api\NumberToWords.Api.csproj", "{089AFE3D-E02F-43DA-9E60-35B9AFFEC94D}"
EndProject
Project("{FAE04EC0-301F-11D3-BF4B-00C04F79EFBC}") = "NumberToWords.Tests", "NumberToWords.Tests\NumberToWords.Tests.csproj", "{20E7B493-EEB9-400E-8C8E-9F303B76D9A6}"
EndProject
Global
	GlobalSection(SolutionConfigurationPlatforms) = preSolution
		Debug|Any CPU = Debug|Any CPU
		Release|Any CPU = Release|Any CPU
	EndGlobalSection
	GlobalSection(SolutionProperties) = preSolution
		HideSolutionNode = FALSE
	EndGlobalSection
	GlobalSection(ProjectConfigurationPlatforms) = postSolution
		{089AFE3D-E02F-43DA-9E60-35B9AFFEC94D}.Debug|Any CPU.ActiveCfg = Debug|Any CPU
		{089AFE3D-E02F-43DA-9E60-35B9AFFEC94D}.Debug|Any CPU.Build.0 = Debug|Any CPU
		{089AFE3D-E02F-43DA-9E60-35B9AFFEC94D}.Release|Any CPU.ActiveCfg = Release|Any CPU
		{089AFE3D-E02F-43DA-9E60-35B9AFFEC94D}.Release|Any CPU.Build.0 = Release|Any CPU
		{20E7B493-EEB9-400E-8C8E-9F303B76D9A6}.Debug|Any CPU.ActiveCfg = Debug|Any CPU
		{20E7B493-EEB9-400E-8C8E-9F303B76D9A6}.Debug|Any CPU.Build.0 = Debug|Any CPU
		{20E7B493-EEB9-400E-8C8E-9F303B76D9A6}.Release|Any CPU.ActiveCfg = Release|Any CPU
		{20E7B493-EEB9-400E-8C8E-9F303B76D9A6}.Release|Any CPU.Build.0 = Release|Any CPU
	EndGlobalSection
EndGlobal
